// !$*UTF8*$!
{ archiveVersion = 1; classes = {}; objectVersion = 56; objects = {
E8EBB972E364C7D0B347FEF6 = { isa = PBXFileReference; lastKnownFileType = sourcecode.swift; path = "SFTDriveAdmin/AI/AIProvider.swift"; sourceTree = SOURCE_ROOT; };
B3C4B5BC67579E2BEC8956CB = { isa = PBXBuildFile; fileRef = E8EBB972E364C7D0B347FEF6; };
3101BB76B735DC9314A39D1E = { isa = PBXFileReference; lastKnownFileType = sourcecode.swift; path = "SFTDriveAdmin/AI/ExtractionReviewView.swift"; sourceTree = SOURCE_ROOT; };
3BE25E1E1B0661D6130C2C5B = { isa = PBXBuildFile; fileRef = 3101BB76B735DC9314A39D1E; };
B1EC589E84D76E60452EDEE4 = { isa = PBXFileReference; lastKnownFileType = sourcecode.swift; path = "SFTDriveAdmin/App/SFTDriveAdminApp.swift"; sourceTree = SOURCE_ROOT; };
2BBC44422A2A10F08A66C1BE = { isa = PBXBuildFile; fileRef = B1EC589E84D76E60452EDEE4; };
10BE42C99E7AF7CA9303DF22 = { isa = PBXFileReference; lastKnownFileType = sourcecode.swift; path = "SFTDriveAdmin/Auth/AuthManager.swift"; sourceTree = SOURCE_ROOT; };
6FA3927C2C9A1940658621EF = { isa = PBXBuildFile; fileRef = 10BE42C99E7AF7CA9303DF22; };
EC47CA5CF86F5BD46B9C0DC6 = { isa = PBXFileReference; lastKnownFileType = sourcecode.swift; path = "SFTDriveAdmin/Auth/KeychainStore.swift"; sourceTree = SOURCE_ROOT; };
EC4D6344DEE0677F8184B5FA = { isa = PBXBuildFile; fileRef = EC47CA5CF86F5BD46B9C0DC6; };
B54C0A191987809823BB4D55 = { isa = PBXFileReference; lastKnownFileType = sourcecode.swift; path = "SFTDriveAdmin/Data/AppServices.swift"; sourceTree = SOURCE_ROOT; };
3FA86532F51B4EAC5E329ABF = { isa = PBXBuildFile; fileRef = B54C0A191987809823BB4D55; };
0870EABADF652F3DFC81EF05 = { isa = PBXFileReference; lastKnownFileType = sourcecode.swift; path = "SFTDriveAdmin/Data/Models/Models.swift"; sourceTree = SOURCE_ROOT; };
97ACA0BD4D49932C51A9921D = { isa = PBXBuildFile; fileRef = 0870EABADF652F3DFC81EF05; };
B926ED4F83526CB77B8B8BF7 = { isa = PBXFileReference; lastKnownFileType = sourcecode.swift; path = "SFTDriveAdmin/Data/Repositories/Repositories.swift"; sourceTree = SOURCE_ROOT; };
897895561656CC63137A4172 = { isa = PBXBuildFile; fileRef = B926ED4F83526CB77B8B8BF7; };
9AAF43189F61CCB6811BBA5B = { isa = PBXFileReference; lastKnownFileType = sourcecode.swift; path = "SFTDriveAdmin/Features/PlanningBoard/PlanningView.swift"; sourceTree = SOURCE_ROOT; };
E0965722A8D53899DBD415DA = { isa = PBXBuildFile; fileRef = 9AAF43189F61CCB6811BBA5B; };
065C0ACDB3B2D4B897FE8663 = { isa = PBXFileReference; lastKnownFileType = sourcecode.swift; path = "SFTDriveAdmin/Features/PlanningBoard/ResourceViews.swift"; sourceTree = SOURCE_ROOT; };
0F2E482DC568BCA35735998C = { isa = PBXBuildFile; fileRef = 065C0ACDB3B2D4B897FE8663; };
DF1D21E0F7D53157222CAB62 = { isa = PBXFileReference; lastKnownFileType = sourcecode.swift; path = "SFTDriveAdmin/Features/Registrations/RegistrationsView.swift"; sourceTree = SOURCE_ROOT; };
AE6E9ED749D01CE9EACE91FE = { isa = PBXBuildFile; fileRef = DF1D21E0F7D53157222CAB62; };
E8CCDB8D55BFB49298CA1427 = { isa = PBXFileReference; lastKnownFileType = sourcecode.swift; path = "SFTDriveAdmin/Features/Settings/SettingsViews.swift"; sourceTree = SOURCE_ROOT; };
9D3B1CAC9BD6ACE94B7E681E = { isa = PBXBuildFile; fileRef = E8CCDB8D55BFB49298CA1427; };
795763FFE4F5D876F4FEF805 = { isa = PBXFileReference; lastKnownFileType = sourcecode.swift; path = "SFTDriveAdmin/Features/Tours/ToursView.swift"; sourceTree = SOURCE_ROOT; };
7DC605DBDA52ACFA2F16FBEA = { isa = PBXBuildFile; fileRef = 795763FFE4F5D876F4FEF805; };
CACA6DBF5D755B28E79E2FC4 = { isa = PBXFileReference; lastKnownFileType = sourcecode.swift; path = "SFTDriveAdmin/Features/Users/UsersView.swift"; sourceTree = SOURCE_ROOT; };
F7AD455B0A7DB4915B110C82 = { isa = PBXBuildFile; fileRef = CACA6DBF5D755B28E79E2FC4; };
9935BD5391C9EDA6687352C7 = { isa = PBXFileReference; lastKnownFileType = sourcecode.swift; path = "SFTDriveAdmin/Shared/DateAndExport.swift"; sourceTree = SOURCE_ROOT; };
2C96258162C1EEF894C4416F = { isa = PBXBuildFile; fileRef = 9935BD5391C9EDA6687352C7; };
667B0E07C92765300E668221 = { isa = PBXFileReference; lastKnownFileType = sourcecode.swift; path = "SFTDriveAdmin/Shared/DraftProtection.swift"; sourceTree = SOURCE_ROOT; };
52660D1B9D544EDC73785676 = { isa = PBXBuildFile; fileRef = 667B0E07C92765300E668221; };
DB22FB42C299EC4904B417DB = { isa = PBXFileReference; lastKnownFileType = sourcecode.swift; path = "SFTDriveAdmin/Shared/FormSchema.swift"; sourceTree = SOURCE_ROOT; };
419670DFA9294EF0FB1ACEAE = { isa = PBXBuildFile; fileRef = DB22FB42C299EC4904B417DB; };
F53259171738D9FFDE03C275 = { isa = PBXFileReference; lastKnownFileType = sourcecode.swift; path = "SFTDriveAdmin/Shared/JSONValue.swift"; sourceTree = SOURCE_ROOT; };
A0807760B066C517F8EB5CB2 = { isa = PBXBuildFile; fileRef = F53259171738D9FFDE03C275; };
6FB75F20F5C21D55E2BF8208 = { isa = PBXFileReference; lastKnownFileType = sourcecode.swift; path = "SFTDriveAdmin/Shared/Views.swift"; sourceTree = SOURCE_ROOT; };
F2BD21BA4CE67C5CCC10D7F6 = { isa = PBXBuildFile; fileRef = 6FB75F20F5C21D55E2BF8208; };
D60D7F1399067E1625D64C72 = { isa = PBXFileReference; lastKnownFileType = folder.assetcatalog; path = "SFTDriveAdmin/Assets.xcassets"; sourceTree = SOURCE_ROOT; };
7D1944B811FF37517AEEBDCC = { isa = PBXBuildFile; fileRef = D60D7F1399067E1625D64C72; };
87BC1D39DD7C2742EBA50869 = { isa = PBXFileReference; lastKnownFileType = sourcecode.swift; path = "SFTDriveAdmin/Features/Dashboard/DashboardView.swift"; sourceTree = SOURCE_ROOT; };
F16A59593F5A6BFF92618DC3 = { isa = PBXBuildFile; fileRef = 87BC1D39DD7C2742EBA50869; };
3D502D3CA9A804EBAAC17340 = { isa = PBXFileReference; lastKnownFileType = sourcecode.swift; path = "SFTDriveAdmin/Features/Overview/TourResourceOverviews.swift"; sourceTree = SOURCE_ROOT; };
CDD9DDA9AC92B232FEC07BBB = { isa = PBXBuildFile; fileRef = 3D502D3CA9A804EBAAC17340; };
BCE16DD0260827ECF338C787 = { isa = PBXSourcesBuildPhase; buildActionMask = 2147483647; files = (B3C4B5BC67579E2BEC8956CB,3BE25E1E1B0661D6130C2C5B,2BBC44422A2A10F08A66C1BE,6FA3927C2C9A1940658621EF,EC4D6344DEE0677F8184B5FA,3FA86532F51B4EAC5E329ABF,97ACA0BD4D49932C51A9921D,897895561656CC63137A4172,E0965722A8D53899DBD415DA,0F2E482DC568BCA35735998C,AE6E9ED749D01CE9EACE91FE,9D3B1CAC9BD6ACE94B7E681E,7DC605DBDA52ACFA2F16FBEA,F7AD455B0A7DB4915B110C82,2C96258162C1EEF894C4416F,52660D1B9D544EDC73785676,419670DFA9294EF0FB1ACEAE,A0807760B066C517F8EB5CB2,F2BD21BA4CE67C5CCC10D7F6,F16A59593F5A6BFF92618DC3,CDD9DDA9AC92B232FEC07BBB,); runOnlyForDeploymentPostprocessing = 0; };
AF1F1D46639E68A0C4431C45 = { isa = PBXBuildFile; productRef = 81AF11420E261B7C4C2F5FEE; };
7561BFB015D8F536760CB671 = { isa = PBXFrameworksBuildPhase; buildActionMask = 2147483647; files = (AF1F1D46639E68A0C4431C45,); runOnlyForDeploymentPostprocessing = 0; };
0189424A5A60FED329FA868E = { isa = PBXResourcesBuildPhase; buildActionMask = 2147483647; files = (7D1944B811FF37517AEEBDCC,); runOnlyForDeploymentPostprocessing = 0; };
38A007151ABE87CC01A5B6E9 = { isa = PBXFileReference; explicitFileType = wrapper.application; includeInIndex = 0; path = SFTDriveAdmin.app; sourceTree = BUILT_PRODUCTS_DIR; };
FBDC4F23F93125BBEEAE800C = { isa = PBXGroup; children = (38A007151ABE87CC01A5B6E9,); name = Products; sourceTree = "<group>"; };
64292B1C2B2E13EAD8788FC8 = { isa = PBXGroup; children = (E8EBB972E364C7D0B347FEF6,3101BB76B735DC9314A39D1E,B1EC589E84D76E60452EDEE4,10BE42C99E7AF7CA9303DF22,EC47CA5CF86F5BD46B9C0DC6,B54C0A191987809823BB4D55,0870EABADF652F3DFC81EF05,B926ED4F83526CB77B8B8BF7,9AAF43189F61CCB6811BBA5B,065C0ACDB3B2D4B897FE8663,DF1D21E0F7D53157222CAB62,E8CCDB8D55BFB49298CA1427,795763FFE4F5D876F4FEF805,CACA6DBF5D755B28E79E2FC4,9935BD5391C9EDA6687352C7,667B0E07C92765300E668221,DB22FB42C299EC4904B417DB,F53259171738D9FFDE03C275,6FB75F20F5C21D55E2BF8208,D60D7F1399067E1625D64C72,87BC1D39DD7C2742EBA50869,3D502D3CA9A804EBAAC17340,FBDC4F23F93125BBEEAE800C,); sourceTree = "<group>"; };
5B2FB32768E94DF2B310CA2C = { isa = XCRemoteSwiftPackageReference; repositoryURL = "https://github.com/supabase/supabase-swift.git"; requirement = { kind = exactVersion; version = 2.55.2; }; };
81AF11420E261B7C4C2F5FEE = { isa = XCSwiftPackageProductDependency; package = 5B2FB32768E94DF2B310CA2C; productName = Supabase; };
89E1FD6268CC0F221A2BE178 = { isa = XCBuildConfiguration; name = Debug; buildSettings = { MACOSX_DEPLOYMENT_TARGET = 15.0; SDKROOT = macosx; SWIFT_VERSION = 5.0; CLANG_ENABLE_MODULES = YES; }; };
7082CC0B6FC1282FCEABD07A = { isa = XCBuildConfiguration; name = Debug; buildSettings = {
 PRODUCT_NAME = SFTDriveAdmin; PRODUCT_BUNDLE_IDENTIFIER = "de.sportfahrertreff.sft-drive-admin";
 INFOPLIST_FILE = Config/Info.plist; GENERATE_INFOPLIST_FILE = NO;
 ASSETCATALOG_COMPILER_APPICON_NAME = AppIcon;
 CODE_SIGN_STYLE = Manual; CODE_SIGN_IDENTITY = "-"; ENABLE_APP_SANDBOX = NO;
 SWIFT_OPTIMIZATION_LEVEL = "-Onone";
 SWIFT_ACTIVE_COMPILATION_CONDITIONS = DEBUG;
 LD_RUNPATH_SEARCH_PATHS = "$(inherited) @executable_path/../Frameworks";
 CURRENT_PROJECT_VERSION = 1; MARKETING_VERSION = 0.1.0;
 }; };
E6DE6C99132752C914FEF632 = { isa = XCBuildConfiguration; name = Release; buildSettings = { MACOSX_DEPLOYMENT_TARGET = 15.0; SDKROOT = macosx; SWIFT_VERSION = 5.0; CLANG_ENABLE_MODULES = YES; }; };
639A7CA24D39909E713B47F7 = { isa = XCBuildConfiguration; name = Release; buildSettings = {
 PRODUCT_NAME = SFTDriveAdmin; PRODUCT_BUNDLE_IDENTIFIER = "de.sportfahrertreff.sft-drive-admin";
 INFOPLIST_FILE = Config/Info.plist; GENERATE_INFOPLIST_FILE = NO;
 ASSETCATALOG_COMPILER_APPICON_NAME = AppIcon;
 CODE_SIGN_STYLE = Manual; CODE_SIGN_IDENTITY = "-"; ENABLE_APP_SANDBOX = NO;
 SWIFT_OPTIMIZATION_LEVEL = "-O";
 SWIFT_ACTIVE_COMPILATION_CONDITIONS = "";
 LD_RUNPATH_SEARCH_PATHS = "$(inherited) @executable_path/../Frameworks";
 CURRENT_PROJECT_VERSION = 1; MARKETING_VERSION = 0.1.0;
 }; };
862894B703A6DEDF96A9DD6C = { isa = XCConfigurationList; buildConfigurations = (89E1FD6268CC0F221A2BE178,E6DE6C99132752C914FEF632,); defaultConfigurationIsVisible = 0; defaultConfigurationName = Release; };
C57128001CE614BF8549D6BB = { isa = XCConfigurationList; buildConfigurations = (7082CC0B6FC1282FCEABD07A,639A7CA24D39909E713B47F7,); defaultConfigurationIsVisible = 0; defaultConfigurationName = Release; };
0E8A3AD980EC179856012B7E = { isa = PBXNativeTarget; buildConfigurationList = C57128001CE614BF8549D6BB; buildPhases = (BCE16DD0260827ECF338C787,7561BFB015D8F536760CB671,0189424A5A60FED329FA868E,); buildRules = (); dependencies = (); name = SFTDriveAdmin; packageProductDependencies = (81AF11420E261B7C4C2F5FEE,); productName = SFTDriveAdmin; productReference = 38A007151ABE87CC01A5B6E9; productType = "com.apple.product-type.application"; };
98F54143AB4E86B28C3AFEE0 = { isa = PBXProject; attributes = { BuildIndependentTargetsInParallel = YES; LastUpgradeCheck = 1640; }; buildConfigurationList = 862894B703A6DEDF96A9DD6C; compatibilityVersion = "Xcode 14.0"; developmentRegion = de; hasScannedForEncodings = 0; knownRegions = (de,en,Base,); mainGroup = 64292B1C2B2E13EAD8788FC8; productRefGroup = FBDC4F23F93125BBEEAE800C; projectDirPath = ""; projectRoot = ""; targets = (0E8A3AD980EC179856012B7E,); packageReferences = (5B2FB32768E94DF2B310CA2C,); };
}; rootObject = 98F54143AB4E86B28C3AFEE0; }
